Microsoft Visual Studio Solution File, Format Version 12.00
# Visual Studio Version 17
VisualStudioVersion = 17.5.2.0
MinimumVisualStudioVersion = 10.0.40219.1
Project("{FAE04EC0-301F-11D3-BF4B-00C04F79EFBC}") = "Repeat Request", "Repeat Request.csproj", "{FA159DB9-6DDF-20A1-F72D-8AF3C0294EE3}"
EndProject
Global
	GlobalSection(SolutionConfigurationPlatforms) = preSolution
		Debug|Any CPU = Debug|Any CPU
		Release|Any CPU = Release|Any CPU
	EndGlobalSection
	GlobalSection(ProjectConfigurationPlatforms) = postSolution
		{FA159DB9-6DDF-20A1-F72D-8AF3C0294EE3}.Debug|Any CPU.ActiveCfg = Debug|Any CPU
		{FA159DB9-6DDF-20A1-F72D-8AF3C0294EE3}.Debug|Any CPU.Build.0 = Debug|Any CPU
		{FA159DB9-6DDF-20A1-F72D-8AF3C0294EE3}.Release|Any CPU.ActiveCfg = Release|Any CPU
		{FA159DB9-6DDF-20A1-F72D-8AF3C0294EE3}.Release|Any CPU.Build.0 = Release|Any CPU
	EndGlobalSection
	GlobalSection(SolutionProperties) = preSolution
		HideSolutionNode = FALSE
	EndGlobalSection
	GlobalSection(ExtensibilityGlobals) = postSolution
		SolutionGuid = {C54FEB1A-FF9C-4C72-9450-641ECBC02825}
	EndGlobalSection
EndGlobal
