Microsoft Visual Studio Solution File, Format Version 12.00
# Visual Studio Version 17
VisualStudioVersion = 17.5.2.0
MinimumVisualStudioVersion = 10.0.40219.1
Project("{FAE04EC0-301F-11D3-BF4B-00C04F79EFBC}") = "Gas station", "Gas station.csproj", "{3AE9E542-E788-2F16-ED97-59C30CCCFAA2}"
EndProject
Global
	GlobalSection(SolutionConfigurationPlatforms) = preSolution
		Debug|Any CPU = Debug|Any CPU
		Release|Any CPU = Release|Any CPU
	EndGlobalSection
	GlobalSection(ProjectConfigurationPlatforms) = postSolution
		{3AE9E542-E788-2F16-ED97-59C30CCCFAA2}.Debug|Any CPU.ActiveCfg = Debug|Any CPU
		{3AE9E542-E788-2F16-ED97-59C30CCCFAA2}.Debug|Any CPU.Build.0 = Debug|Any CPU
		{3AE9E542-E788-2F16-ED97-59C30CCCFAA2}.Release|Any CPU.ActiveCfg = Release|Any CPU
		{3AE9E542-E788-2F16-ED97-59C30CCCFAA2}.Release|Any CPU.Build.0 = Release|Any CPU
	EndGlobalSection
	GlobalSection(SolutionProperties) = preSolution
		HideSolutionNode = FALSE
	EndGlobalSection
	GlobalSection(ExtensibilityGlobals) = postSolution
		SolutionGuid = {744C0175-1F41-4E71-B779-DE24A5B76D7D}
	EndGlobalSection
EndGlobal
