
Microsoft Visual Studio Solution File, Format Version 12.00
# Visual Studio Version 17
VisualStudioVersion = 17.5.2.0
MinimumVisualStudioVersion = 10.0.40219.1
Project("{FAE04EC0-301F-11D3-BF4B-00C04F79EFBC}") = "Exercício 1", "Exercício 1.csproj", "{5BDE3D40-48D0-2E74-E248-AB5E87F7CDFF}"
EndProject
Global
	GlobalSection(SolutionConfigurationPlatforms) = preSolution
		Debug|Any CPU = Debug|Any CPU
		Release|Any CPU = Release|Any CPU
	EndGlobalSection
	GlobalSection(ProjectConfigurationPlatforms) = postSolution
		{5BDE3D40-48D0-2E74-E248-AB5E87F7CDFF}.Debug|Any CPU.ActiveCfg = Debug|Any CPU
		{5BDE3D40-48D0-2E74-E248-AB5E87F7CDFF}.Debug|Any CPU.Build.0 = Debug|Any CPU
		{5BDE3D40-48D0-2E74-E248-AB5E87F7CDFF}.Release|Any CPU.ActiveCfg = Release|Any CPU
		{5BDE3D40-48D0-2E74-E248-AB5E87F7CDFF}.Release|Any CPU.Build.0 = Release|Any CPU
	EndGlobalSection
	GlobalSection(SolutionProperties) = preSolution
		HideSolutionNode = FALSE
	EndGlobalSection
	GlobalSection(ExtensibilityGlobals) = postSolution
		SolutionGuid = {272DA67C-79F6-4A52-BF6F-9817B91FFE68}
	EndGlobalSection
EndGlobal
