Microsoft Visual Studio Solution File, Format Version 12.00
# Visual Studio Version 17
VisualStudioVersion = 17.5.2.0
MinimumVisualStudioVersion = 10.0.40219.1
Project("{FAE04EC0-301F-11D3-BF4B-00C04F79EFBC}") = "Senha", "Senha.csproj", "{DF6F795C-C722-7AA6-7449-B924F4A5AEDC}"
EndProject
Global
	GlobalSection(SolutionConfigurationPlatforms) = preSolution
		Debug|Any CPU = Debug|Any CPU
		Release|Any CPU = Release|Any CPU
	EndGlobalSection
	GlobalSection(ProjectConfigurationPlatforms) = postSolution
		{DF6F795C-C722-7AA6-7449-B924F4A5AEDC}.Debug|Any CPU.ActiveCfg = Debug|Any CPU
		{DF6F795C-C722-7AA6-7449-B924F4A5AEDC}.Debug|Any CPU.Build.0 = Debug|Any CPU
		{DF6F795C-C722-7AA6-7449-B924F4A5AEDC}.Release|Any CPU.ActiveCfg = Release|Any CPU
		{DF6F795C-C722-7AA6-7449-B924F4A5AEDC}.Release|Any CPU.Build.0 = Release|Any CPU
	EndGlobalSection
	GlobalSection(SolutionProperties) = preSolution
		HideSolutionNode = FALSE
	EndGlobalSection
	GlobalSection(ExtensibilityGlobals) = postSolution
		SolutionGuid = {C51DE53F-7047-4EE9-9661-13AF73279AF1}
	EndGlobalSection
EndGlobal
