Microsoft Visual Studio Solution File, Format Version 12.00
# Visual Studio Version 17
VisualStudioVersion = 17.5.2.0
MinimumVisualStudioVersion = 10.0.40219.1
Project("{FAE04EC0-301F-11D3-BF4B-00C04F79EFBC}") = "Porcentagem", "Porcentagem.csproj", "{0F142BE7-0D36-AB97-060A-10A317C3257A}"
EndProject
Global
	GlobalSection(SolutionConfigurationPlatforms) = preSolution
		Debug|Any CPU = Debug|Any CPU
		Release|Any CPU = Release|Any CPU
	EndGlobalSection
	GlobalSection(ProjectConfigurationPlatforms) = postSolution
		{0F142BE7-0D36-AB97-060A-10A317C3257A}.Debug|Any CPU.ActiveCfg = Debug|Any CPU
		{0F142BE7-0D36-AB97-060A-10A317C3257A}.Debug|Any CPU.Build.0 = Debug|Any CPU
		{0F142BE7-0D36-AB97-060A-10A317C3257A}.Release|Any CPU.ActiveCfg = Release|Any CPU
		{0F142BE7-0D36-AB97-060A-10A317C3257A}.Release|Any CPU.Build.0 = Release|Any CPU
	EndGlobalSection
	GlobalSection(SolutionProperties) = preSolution
		HideSolutionNode = FALSE
	EndGlobalSection
	GlobalSection(ExtensibilityGlobals) = postSolution
		SolutionGuid = {63E3460B-C214-42A6-A3B7-B9D65FDDE220}
	EndGlobalSection
EndGlobal
