Microsoft Visual Studio Solution File, Format Version 12.00
# Visual Studio Version 17
VisualStudioVersion = 17.5.2.0
MinimumVisualStudioVersion = 10.0.40219.1
Project("{FAE04EC0-301F-11D3-BF4B-00C04F79EFBC}") = "Average by default", "Average by default.csproj", "{38A28054-FDE8-60BC-68C8-ACEE5037861E}"
EndProject
Global
	GlobalSection(SolutionConfigurationPlatforms) = preSolution
		Debug|Any CPU = Debug|Any CPU
		Release|Any CPU = Release|Any CPU
	EndGlobalSection
	GlobalSection(ProjectConfigurationPlatforms) = postSolution
		{38A28054-FDE8-60BC-68C8-ACEE5037861E}.Debug|Any CPU.ActiveCfg = Debug|Any CPU
		{38A28054-FDE8-60BC-68C8-ACEE5037861E}.Debug|Any CPU.Build.0 = Debug|Any CPU
		{38A28054-FDE8-60BC-68C8-ACEE5037861E}.Release|Any CPU.ActiveCfg = Release|Any CPU
		{38A28054-FDE8-60BC-68C8-ACEE5037861E}.Release|Any CPU.Build.0 = Release|Any CPU
	EndGlobalSection
	GlobalSection(SolutionProperties) = preSolution
		HideSolutionNode = FALSE
	EndGlobalSection
	GlobalSection(ExtensibilityGlobals) = postSolution
		SolutionGuid = {BE1D291B-B812-4D0E-8B7D-6C19F3E11A3A}
	EndGlobalSection
EndGlobal
